
Microsoft Visual Studio Solution File, Format Version 11.00
# Visual Studio 2010
Project("{FAE04EC0-301F-11D3-BF4B-00C04F79EFBC}") = "Assembly-CSharp", "Assembly-CSharp.csproj", "{aa0562ee-64b1-b68f-e22a-489ae830b596}"
EndProject
Project("{FAE04EC0-301F-11D3-BF4B-00C04F79EFBC}") = "Assembly-CSharp-Editor", "Assembly-CSharp-Editor.csproj", "{2f113d41-2893-19a1-e9fb-65e97409bd5d}"
EndProject
Global
	GlobalSection(SolutionConfigurationPlatforms) = preSolution
		Debug|Any CPU = Debug|Any CPU
	EndGlobalSection
	GlobalSection(ProjectConfigurationPlatforms) = postSolution
		{aa0562ee-64b1-b68f-e22a-489ae830b596}.Debug|Any CPU.ActiveCfg = Debug|Any CPU
		{aa0562ee-64b1-b68f-e22a-489ae830b596}.Debug|Any CPU.Build.0 = Debug|Any CPU
		{2f113d41-2893-19a1-e9fb-65e97409bd5d}.Debug|Any CPU.ActiveCfg = Debug|Any CPU
		{2f113d41-2893-19a1-e9fb-65e97409bd5d}.Debug|Any CPU.Build.0 = Debug|Any CPU
	EndGlobalSection
	GlobalSection(SolutionProperties) = preSolution
		HideSolutionNode = FALSE
	EndGlobalSection
EndGlobal
